# THIS IS AN AUTOGENERATED FILE. DO NOT EDIT THIS FILE DIRECTLY.
# yarn lockfile v1


debug@^4.1.1:
  version "4.3.1"
  resolved "https://registry.yarnpkg.com/debug/-/debug-4.3.1.tgz#f0d229c505e0c6d8c49ac553d1b13dc183f6b2ee"
  integrity sha512-doEwdvm4PCeK4K3RQN2ZC2BYUBaxwLARCqZmMjtF8a51J2Rb0xpVloFRnCODwqjpwnAoao4pelN8l3RJdv3gRQ==
  dependencies:
    ms "2.1.2"

jsonschema@^1.2.4:
  version "1.2.4"
  resolved "https://registry.yarnpkg.com/jsonschema/-/jsonschema-1.2.4.tgz#a46bac5d3506a254465bc548876e267c6d0d6464"
  integrity sha512-lz1nOH69GbsVHeVgEdvyavc/33oymY1AZwtePMiMj4HZPMbP5OIKK3zT9INMWjwua/V4Z4yq7wSlBbSG+g4AEw==

ms@2.1.2:
  version "2.1.2"
  resolved "https://registry.yarnpkg.com/ms/-/ms-2.1.2.tgz#d09d1f357b443f493382a8eb3ccd183872ae6009"
  integrity sha512-sGkPx+VjMtmA6MX27oA4FBFELFCZZ4S4XqeGOXCv68tT+jb3vk/RyaKWP0PTKyWtmLSM0b+adUTEvbs1PEaH2w==

node-fetch@^2.6.0:
  version "2.6.0"
  resolved "https://registry.yarnpkg.com/node-fetch/-/node-fetch-2.6.0.tgz#e633456386d4aa55863f676a7ab0daa8fdecb0fd"
  integrity sha512-8dG4H5ujfvFiqDmVu9fQ5bOHUC15JMjMY/Zumv26oOvvVJjM67KF8koCWIabKQ1GJIa9r2mMZscBq/TbdOcmNA==

qs@^6.9.0:
  version "6.9.0"
  resolved "https://registry.yarnpkg.com/qs/-/qs-6.9.0.tgz#d1297e2a049c53119cb49cca366adbbacc80b409"
  integrity sha512-27RP4UotQORTpmNQDX8BHPukOnBP3p1uUJY5UnDhaJB+rMt9iMsok724XL+UHU23bEFOHRMQ2ZhI99qOWUMGFA==
